
Microsoft Visual Studio Solution File, Format Version 12.00
# Visual Studio Version 17
VisualStudioVersion = 17.6.33815.320
MinimumVisualStudioVersion = 10.0.40219.1
Project("{8BC9CEB8-8B4A-11D0-8D11-00A0C91BC942}") = "Callfun", "Callfun\Callfun.vcxproj", "{0418AC53-898F-4C97-A912-B75FFA54D38D}"
EndProject
Global
	GlobalSection(SolutionConfigurationPlatforms) = preSolution
		Debug|x64 = Debug|x64
		Debug|x86 = Debug|x86
		Release|x64 = Release|x64
		Release|x86 = Release|x86
	EndGlobalSection
	GlobalSection(ProjectConfigurationPlatforms) = postSolution
		{0418AC53-898F-4C97-A912-B75FFA54D38D}.Debug|x64.ActiveCfg = Debug|x64
		{0418AC53-898F-4C97-A912-B75FFA54D38D}.Debug|x64.Build.0 = Debug|x64
		{0418AC53-898F-4C97-A912-B75FFA54D38D}.Debug|x86.ActiveCfg = Debug|Win32
		{0418AC53-898F-4C97-A912-B75FFA54D38D}.Debug|x86.Build.0 = Debug|Win32
		{0418AC53-898F-4C97-A912-B75FFA54D38D}.Release|x64.ActiveCfg = Release|x64
		{0418AC53-898F-4C97-A912-B75FFA54D38D}.Release|x64.Build.0 = Release|x64
		{0418AC53-898F-4C97-A912-B75FFA54D38D}.Release|x86.ActiveCfg = Release|Win32
		{0418AC53-898F-4C97-A912-B75FFA54D38D}.Release|x86.Build.0 = Release|Win32
	EndGlobalSection
	GlobalSection(SolutionProperties) = preSolution
		HideSolutionNode = FALSE
	EndGlobalSection
	GlobalSection(ExtensibilityGlobals) = postSolution
		SolutionGuid = {9E43B919-E23B-4AE7-AB93-ABCDF55B11F1}
	EndGlobalSection
EndGlobal
